// !$*UTF8*$!
{
	archiveVersion = 1;
	classes = {
	};
	objectVersion = 56;
	objects = {

/* Begin PBXBuildFile section */
		E30CA2FE2B35CE2200164307 /* AppDelegate.swift in Sources */ = {isa = PBXBuildFile; fileRef = E30CA2FD2B35CE2200164307 /* AppDelegate.swift */; };
		E30CA3002B35CE2200164307 /* SceneDelegate.swift in Sources */ = {isa = PBXBuildFile; fileRef = E30CA2FF2B35CE2200164307 /* SceneDelegate.swift */; };
		E30CA3022B35CE2200164307 /* logInPage.swift in Sources */ = {isa = PBXBuildFile; fileRef = E30CA3012B35CE2200164307 /* logInPage.swift */; };
		E30CA3052B35CE2200164307 /* Main.storyboard in Resources */ = {isa = PBXBuildFile; fileRef = E30CA3032B35CE2200164307 /* Main.storyboard */; };
		E30CA3082B35CE2200164307 /* myBasicLoginPage.xcdatamodeld in Sources */ = {isa = PBXBuildFile; fileRef = E30CA3062B35CE2200164307 /* myBasicLoginPage.xcdatamodeld */; };
		E30CA30A2B35CE2300164307 /* Assets.xcassets in Resources */ = {isa = PBXBuildFile; fileRef = E30CA3092B35CE2300164307 /* Assets.xcassets */; };
		E30CA30D2B35CE2300164307 /* LaunchScreen.storyboard in Resources */ = {isa = PBXBuildFile; fileRef = E30CA30B2B35CE2300164307 /* LaunchScreen.storyboard */; };
		E3D29B1C2B35D63C00B231EF /* signUpViewController.swift in Sources */ = {isa = PBXBuildFile; fileRef = E3D29B1B2B35D63C00B231EF /* signUpViewController.swift */; };
/* End PBXBuildFile section */

/* Begin PBXFileReference section */
		E30CA2FA2B35CE2200164307 /* myBasicLoginPage.app */ = {isa = PBXFileReference; explicitFileType = wrapper.application; includeInIndex = 0; path = myBasicLoginPage.app; sourceTree = BUILT_PRODUCTS_DIR; };
		E30CA2FD2B35CE2200164307 /* AppDelegate.swift */ = {isa = PBXFileReference; lastKnownFileType = sourcecode.swift; path = AppDelegate.swift; sourceTree = "<group>"; };
		E30CA2FF2B35CE2200164307 /* SceneDelegate.swift */ = {isa = PBXFileReference; lastKnownFileType = sourcecode.swift; path = SceneDelegate.swift; sourceTree = "<group>"; };
		E30CA3012B35CE2200164307 /* logInPage.swift */ = {isa = PBXFileReference; lastKnownFileType = sourcecode.swift; path = logInPage.swift; sourceTree = "<group>"; };
		E30CA3042B35CE2200164307 /* Base */ = {isa = PBXFileReference; lastKnownFileType = file.storyboard; name = Base; path = Base.lproj/Main.storyboard; sourceTree = "<group>"; };
		E30CA3072B35CE2200164307 /* myBasicLoginPage.xcdatamodel */ = {isa = PBXFileReference; lastKnownFileType = wrapper.xcdatamodel; path = myBasicLoginPage.xcdatamodel; sourceTree = "<group>"; };
		E30CA3092B35CE2300164307 /* Assets.xcassets */ = {isa = PBXFileReference; lastKnownFileType = folder.assetcatalog; path = Assets.xcassets; sourceTree = "<group>"; };
		E30CA30C2B35CE2300164307 /* Base */ = {isa = PBXFileReference; lastKnownFileType = file.storyboard; name = Base; path = Base.lproj/LaunchScreen.storyboard; sourceTree = "<group>"; };
		E30CA30E2B35CE2300164307 /* Info.plist */ = {isa = PBXFileReference; lastKnownFileType = text.plist.xml; path = Info.plist; sourceTree = "<group>"; };
		E3D29B1B2B35D63C00B231EF /* signUpViewController.swift */ = {isa = PBXFileReference; lastKnownFileType = sourcecode.swift; path = signUpViewController.swift; sourceTree = "<group>"; };
/* End PBXFileReference section */

/* Begin PBXFrameworksBuildPhase section */
		E30CA2F72B35CE2200164307 /* Frameworks */ = {
			isa = PBXFrameworksBuildPhase;
			buildActionMask = 2147483647;
			files = (
			);
			runOnlyForDeploymentPostprocessing = 0;
		};
/* End PBXFrameworksBuildPhase section */

/* Begin PBXGroup section */
		E30CA2F12B35CE2200164307 = {
			isa = PBXGroup;
			children = (
				E30CA2FC2B35CE2200164307 /* myBasicLoginPage */,
				E30CA2FB2B35CE2200164307 /* Products */,
			);
			sourceTree = "<group>";
		};
		E30CA2FB2B35CE2200164307 /* Products */ = {
			isa = PBXGroup;
			children = (
				E30CA2FA2B35CE2200164307 /* myBasicLoginPage.app */,
			);
			name = Products;
			sourceTree = "<group>";
		};
		E30CA2FC2B35CE2200164307 /* myBasicLoginPage */ = {
			isa = PBXGroup;
			children = (
				E30CA2FD2B35CE2200164307 /* AppDelegate.swift */,
				E30CA2FF2B35CE2200164307 /* SceneDelegate.swift */,
				E30CA3012B35CE2200164307 /* logInPage.swift */,
				E3D29B1B2B35D63C00B231EF /* signUpViewController.swift */,
				E30CA3032B35CE2200164307 /* Main.storyboard */,
				E30CA3092B35CE2300164307 /* Assets.xcassets */,
				E30CA30B2B35CE2300164307 /* LaunchScreen.storyboard */,
				E30CA30E2B35CE2300164307 /* Info.plist */,
				E30CA3062B35CE2200164307 /* myBasicLoginPage.xcdatamodeld */,
			);
			path = myBasicLoginPage;
			sourceTree = "<group>";
		};
/* End PBXGroup section */

/* Begin PBXNativeTarget section */
		E30CA2F92B35CE2200164307 /* myBasicLoginPage */ = {
			isa = PBXNativeTarget;
			buildConfigurationList = E30CA3112B35CE2300164307 /* Build configuration list for PBXNativeTarget "myBasicLoginPage" */;
			buildPhases = (
				E30CA2F62B35CE2200164307 /* Sources */,
				E30CA2F72B35CE2200164307 /* Frameworks */,
				E30CA2F82B35CE2200164307 /* Resources */,
			);
			buildRules = (
			);
			dependencies = (
			);
			name = myBasicLoginPage;
			productName = myBasicLoginPage;
			productReference = E30CA2FA2B35CE2200164307 /* myBasicLoginPage.app */;
			productType = "com.apple.product-type.application";
		};
/* End PBXNativeTarget section */

/* Begin PBXProject section */
		E30CA2F22B35CE2200164307 /* Project object */ = {
			isa = PBXProject;
			attributes = {
				BuildIndependentTargetsInParallel = 1;
				LastSwiftUpdateCheck = 1500;
				LastUpgradeCheck = 1500;
				TargetAttributes = {
					E30CA2F92B35CE2200164307 = {
						CreatedOnToolsVersion = 15.0.1;
					};
				};
			};
			buildConfigurationList = E30CA2F52B35CE2200164307 /* Build configuration list for PBXProject "myBasicLoginPage" */;
			compatibilityVersion = "Xcode 14.0";
			developmentRegion = en;
			hasScannedForEncodings = 0;
			knownRegions = (
				en,
				Base,
			);
			mainGroup = E30CA2F12B35CE2200164307;
			productRefGroup = E30CA2FB2B35CE2200164307 /* Products */;
			projectDirPath = "";
			projectRoot = "";
			targets = (
				E30CA2F92B35CE2200164307 /* myBasicLoginPage */,
			);
		};
/* End PBXProject section */

/* Begin PBXResourcesBuildPhase section */
		E30CA2F82B35CE2200164307 /* Resources */ = {
			isa = PBXResourcesBuildPhase;
			buildActionMask = 2147483647;
			files = (
				E30CA30D2B35CE2300164307 /* LaunchScreen.storyboard in Resources */,
				E30CA30A2B35CE2300164307 /* Assets.xcassets in Resources */,
				E30CA3052B35CE2200164307 /* Main.storyboard in Resources */,
			);
			runOnlyForDeploymentPostprocessing = 0;
		};
/* End PBXResourcesBuildPhase section */

/* Begin PBXSourcesBuildPhase section */
		E30CA2F62B35CE2200164307 /* Sources */ = {
			isa = PBXSourcesBuildPhase;
			buildActionMask = 2147483647;
			files = (
				E3D29B1C2B35D63C00B231EF /* signUpViewController.swift in Sources */,
				E30CA3022B35CE2200164307 /* logInPage.swift in Sources */,
				E30CA2FE2B35CE2200164307 /* AppDelegate.swift in Sources */,
				E30CA3002B35CE2200164307 /* SceneDelegate.swift in Sources */,
				E30CA3082B35CE2200164307 /* myBasicLoginPage.xcdatamodeld in Sources */,
			);
			runOnlyForDeploymentPostprocessing = 0;
		};
/* End PBXSourcesBuildPhase section */

/* Begin PBXVariantGroup section */
		E30CA3032B35CE2200164307 /* Main.storyboard */ = {
			isa = PBXVariantGroup;
			children = (
				E30CA3042B35CE2200164307 /* Base */,
			);
			name = Main.storyboard;
			sourceTree = "<group>";
		};
		E30CA30B2B35CE2300164307 /* LaunchScreen.storyboard */ = {
			isa = PBXVariantGroup;
			children = (
				E30CA30C2B35CE2300164307 /* Base */,
			);
			name = LaunchScreen.storyboard;
			sourceTree = "<group>";
		};
/* End PBXVariantGroup section */

/* Begin XCBuildConfiguration section */
		E30CA30F2B35CE2300164307 /* Debug */ = {
			isa = XCBuildConfiguration;
			buildSettings = {
				ALWAYS_SEARCH_USER_PATHS = NO;
				ASSETCATALOG_COMPILER_GENERATE_SWIFT_ASSET_SYMBOL_EXTENSIONS = YES;
				CLANG_ANALYZER_NONNULL = YES;
				CLANG_ANALYZER_NUMBER_OBJECT_CONVERSION = YES_AGGRESSIVE;
				CLANG_CXX_LANGUAGE_STANDARD = "gnu++20";
				CLANG_ENABLE_MODULES = YES;
				CLANG_ENABLE_OBJC_ARC = YES;
				CLANG_ENABLE_OBJC_WEAK = YES;
				CLANG_WARN_BLOCK_CAPTURE_AUTORELEASING = YES;
				CLANG_WARN_BOOL_CONVERSION = YES;
				CLANG_WARN_COMMA = YES;
				CLANG_WARN_CONSTANT_CONVERSION = YES;
				CLANG_WARN_DEPRECATED_OBJC_IMPLEMENTATIONS = YES;
				CLANG_WARN_DIRECT_OBJC_ISA_USAGE = YES_ERROR;
				CLANG_WARN_DOCUMENTATION_COMMENTS = YES;
				CLANG_WARN_EMPTY_BODY = YES;
				CLANG_WARN_ENUM_CONVERSION = YES;
				CLANG_WARN_INFINITE_RECURSION = YES;
				CLANG_WARN_INT_CONVERSION = YES;
				CLANG_WARN_NON_LITERAL_NULL_CONVERSION = YES;
				CLANG_WARN_OBJC_IMPLICIT_RETAIN_SELF = YES;
				CLANG_WARN_OBJC_LITERAL_CONVERSION = YES;
				CLANG_WARN_OBJC_ROOT_CLASS = YES_ERROR;
				CLANG_WARN_QUOTED_INCLUDE_IN_FRAMEWORK_HEADER = YES;
				CLANG_WARN_RANGE_LOOP_ANALYSIS = YES;
				CLANG_WARN_STRICT_PROTOTYPES = YES;
				CLANG_WARN_SUSPICIOUS_MOVE = YES;
				CLANG_WARN_UNGUARDED_AVAILABILITY = YES_AGGRESSIVE;
				CLANG_WARN_UNREACHABLE_CODE = YES;
				CLANG_WARN__DUPLICATE_METHOD_MATCH = YES;
				COPY_PHASE_STRIP = NO;
				DEBUG_INFORMATION_FORMAT = dwarf;
				ENABLE_STRICT_OBJC_MSGSEND = YES;
				ENABLE_TESTABILITY = YES;
				ENABLE_USER_SCRIPT_SANDBOXING = YES;
				GCC_C_LANGUAGE_STANDARD = gnu17;
				GCC_DYNAMIC_NO_PIC = NO;
				GCC_NO_COMMON_BLOCKS = YES;
				GCC_OPTIMIZATION_LEVEL = 0;
				GCC_PREPROCESSOR_DEFINITIONS = (
					"DEBUG=1",
					"$(inherited)",
				);
				GCC_WARN_64_TO_32_BIT_CONVERSION = YES;
				GCC_WARN_ABOUT_RETURN_TYPE = YES_ERROR;
				GCC_WARN_UNDECLARED_SELECTOR = YES;
				GCC_WARN_UNINITIALIZED_AUTOS = YES_AGGRESSIVE;
				GCC_WARN_UNUSED_FUNCTION = YES;
				GCC_WARN_UNUSED_VARIABLE = YES;
				IPHONEOS_DEPLOYMENT_TARGET = 17.0;
				LOCALIZATION_PREFERS_STRING_CATALOGS = YES;
				MTL_ENABLE_DEBUG_INFO = INCLUDE_SOURCE;
				MTL_FAST_MATH = YES;
				ONLY_ACTIVE_ARCH = YES;
				SDKROOT = iphoneos;
				SWIFT_ACTIVE_COMPILATION_CONDITIONS = "DEBUG $(inherited)";
				SWIFT_OPTIMIZATION_LEVEL = "-Onone";
			};
			name = Debug;
		};
		E30CA3102B35CE2300164307 /* Release */ = {
			isa = XCBuildConfiguration;
			buildSettings = {
				ALWAYS_SEARCH_USER_PATHS = NO;
				ASSETCATALOG_COMPILER_GENERATE_SWIFT_ASSET_SYMBOL_EXTENSIONS = YES;
				CLANG_ANALYZER_NONNULL = YES;
				CLANG_ANALYZER_NUMBER_OBJECT_CONVERSION = YES_AGGRESSIVE;
				CLANG_CXX_LANGUAGE_STANDARD = "gnu++20";
				CLANG_ENABLE_MODULES = YES;
				CLANG_ENABLE_OBJC_ARC = YES;
				CLANG_ENABLE_OBJC_WEAK = YES;
				CLANG_WARN_BLOCK_CAPTURE_AUTORELEASING = YES;
				CLANG_WARN_BOOL_CONVERSION = YES;
				CLANG_WARN_COMMA = YES;
				CLANG_WARN_CONSTANT_CONVERSION = YES;
				CLANG_WARN_DEPRECATED_OBJC_IMPLEMENTATIONS = YES;
				CLANG_WARN_DIRECT_OBJC_ISA_USAGE = YES_ERROR;
				CLANG_WARN_DOCUMENTATION_COMMENTS = YES;
				CLANG_WARN_EMPTY_BODY = YES;
				CLANG_WARN_ENUM_CONVERSION = YES;
				CLANG_WARN_INFINITE_RECURSION = YES;
				CLANG_WARN_INT_CONVERSION = YES;
				CLANG_WARN_NON_LITERAL_NULL_CONVERSION = YES;
				CLANG_WARN_OBJC_IMPLICIT_RETAIN_SELF = YES;
				CLANG_WARN_OBJC_LITERAL_CONVERSION = YES;
				CLANG_WARN_OBJC_ROOT_CLASS = YES_ERROR;
				CLANG_WARN_QUOTED_INCLUDE_IN_FRAMEWORK_HEADER = YES;
				CLANG_WARN_RANGE_LOOP_ANALYSIS = YES;
				CLANG_WARN_STRICT_PROTOTYPES = YES;
				CLANG_WARN_SUSPICIOUS_MOVE = YES;
				CLANG_WARN_UNGUARDED_AVAILABILITY = YES_AGGRESSIVE;
				CLANG_WARN_UNREACHABLE_CODE = YES;
				CLANG_WARN__DUPLICATE_METHOD_MATCH = YES;
				COPY_PHASE_STRIP = NO;
				DEBUG_INFORMATION_FORMAT = "dwarf-with-dsym";
				ENABLE_NS_ASSERTIONS = NO;
				ENABLE_STRICT_OBJC_MSGSEND = YES;
				ENABLE_USER_SCRIPT_SANDBOXING = YES;
				GCC_C_LANGUAGE_STANDARD = gnu17;
				GCC_NO_COMMON_BLOCKS = YES;
				GCC_WARN_64_TO_32_BIT_CONVERSION = YES;
				GCC_WARN_ABOUT_RETURN_TYPE = YES_ERROR;
				GCC_WARN_UNDECLARED_SELECTOR = YES;
				GCC_WARN_UNINITIALIZED_AUTOS = YES_AGGRESSIVE;
				GCC_WARN_UNUSED_FUNCTION = YES;
				GCC_WARN_UNUSED_VARIABLE = YES;
				IPHONEOS_DEPLOYMENT_TARGET = 17.0;
				LOCALIZATION_PREFERS_STRING_CATALOGS = YES;
				MTL_ENABLE_DEBUG_INFO = NO;
				MTL_FAST_MATH = YES;
				SDKROOT = iphoneos;
				SWIFT_COMPILATION_MODE = wholemodule;
				VALIDATE_PRODUCT = YES;
			};
			name = Release;
		};
		E30CA3122B35CE2300164307 /* Debug */ = {
			isa = XCBuildConfiguration;
			buildSettings = {
				ASSETCATALOG_COMPILER_APPICON_NAME = AppIcon;
				ASSETCATALOG_COMPILER_GLOBAL_ACCENT_COLOR_NAME = AccentColor;
				CODE_SIGN_STYLE = Automatic;
				CURRENT_PROJECT_VERSION = 1;
				DEVELOPMENT_TEAM = SM4T43MN44;
				GENERATE_INFOPLIST_FILE = YES;
				INFOPLIST_FILE = myBasicLoginPage/Info.plist;
				INFOPLIST_KEY_UIApplicationSupportsIndirectInputEvents = YES;
				INFOPLIST_KEY_UILaunchStoryboardName = LaunchScreen;
				INFOPLIST_KEY_UIMainStoryboardFile = Main;
				INFOPLIST_KEY_UISupportedInterfaceOrientations_iPad = "UIInterfaceOrientationPortrait UIInterfaceOrientationPortraitUpsideDown UIInterfaceOrientationLandscapeLeft UIInterfaceOrientationLandscapeRight";
				INFOPLIST_KEY_UISupportedInterfaceOrientations_iPhone = "UIInterfaceOrientationPortrait UIInterfaceOrientationLandscapeLeft UIInterfaceOrientationLandscapeRight";
				LD_RUNPATH_SEARCH_PATHS = (
					"$(inherited)",
					"@executable_path/Frameworks",
				);
				MARKETING_VERSION = 1.0;
				PRODUCT_BUNDLE_IDENTIFIER = com.oguzhankatlanoglu.myBasicLoginPage;
				PRODUCT_NAME = "$(TARGET_NAME)";
				SWIFT_EMIT_LOC_STRINGS = YES;
				SWIFT_VERSION = 5.0;
				TARGETED_DEVICE_FAMILY = "1,2";
			};
			name = Debug;
		};
		E30CA3132B35CE2300164307 /* Release */ = {
			isa = XCBuildConfiguration;
			buildSettings = {
				ASSETCATALOG_COMPILER_APPICON_NAME = AppIcon;
				ASSETCATALOG_COMPILER_GLOBAL_ACCENT_COLOR_NAME = AccentColor;
				CODE_SIGN_STYLE = Automatic;
				CURRENT_PROJECT_VERSION = 1;
				DEVELOPMENT_TEAM = SM4T43MN44;
				GENERATE_INFOPLIST_FILE = YES;
				INFOPLIST_FILE = myBasicLoginPage/Info.plist;
				INFOPLIST_KEY_UIApplicationSupportsIndirectInputEvents = YES;
				INFOPLIST_KEY_UILaunchStoryboardName = LaunchScreen;
				INFOPLIST_KEY_UIMainStoryboardFile = Main;
				INFOPLIST_KEY_UISupportedInterfaceOrientations_iPad = "UIInterfaceOrientationPortrait UIInterfaceOrientationPortraitUpsideDown UIInterfaceOrientationLandscapeLeft UIInterfaceOrientationLandscapeRight";
				INFOPLIST_KEY_UISupportedInterfaceOrientations_iPhone = "UIInterfaceOrientationPortrait UIInterfaceOrientationLandscapeLeft UIInterfaceOrientationLandscapeRight";
				LD_RUNPATH_SEARCH_PATHS = (
					"$(inherited)",
					"@executable_path/Frameworks",
				);
				MARKETING_VERSION = 1.0;
				PRODUCT_BUNDLE_IDENTIFIER = com.oguzhankatlanoglu.myBasicLoginPage;
				PRODUCT_NAME = "$(TARGET_NAME)";
				SWIFT_EMIT_LOC_STRINGS = YES;
				SWIFT_VERSION = 5.0;
				TARGETED_DEVICE_FAMILY = "1,2";
			};
			name = Release;
		};
/* End XCBuildConfiguration section */

/* Begin XCConfigurationList section */
		E30CA2F52B35CE2200164307 /* Build configuration list for PBXProject "myBasicLoginPage" */ = {
			isa = XCConfigurationList;
			buildConfigurations = (
				E30CA30F2B35CE2300164307 /* Debug */,
				E30CA3102B35CE2300164307 /* Release */,
			);
			defaultConfigurationIsVisible = 0;
			defaultConfigurationName = Release;
		};
		E30CA3112B35CE2300164307 /* Build configuration list for PBXNativeTarget "myBasicLoginPage" */ = {
			isa = XCConfigurationList;
			buildConfigurations = (
				E30CA3122B35CE2300164307 /* Debug */,
				E30CA3132B35CE2300164307 /* Release */,
			);
			defaultConfigurationIsVisible = 0;
			defaultConfigurationName = Release;
		};
/* End XCConfigurationList section */

/* Begin XCVersionGroup section */
		E30CA3062B35CE2200164307 /* myBasicLoginPage.xcdatamodeld */ = {
			isa = XCVersionGroup;
			children = (
				E30CA3072B35CE2200164307 /* myBasicLoginPage.xcdatamodel */,
			);
			currentVersion = E30CA3072B35CE2200164307 /* myBasicLoginPage.xcdatamodel */;
			path = myBasicLoginPage.xcdatamodeld;
			sourceTree = "<group>";
			versionGroupType = wrapper.xcdatamodel;
		};
/* End XCVersionGroup section */
	};
	rootObject = E30CA2F22B35CE2200164307 /* Project object */;
}
